
Microsoft Visual Studio Solution File, Format Version 11.00
# Visual Studio 2010
Project("{FAE04EC0-301F-11D3-BF4B-00C04F79EFBC}") = "Juego 2D - copia", "Assembly-CSharp.csproj", "{F015ECC2-56E0-1693-6F63-2455C1948C90}"
EndProject
Global
	GlobalSection(SolutionConfigurationPlatforms) = preSolution
		Debug|Any CPU = Debug|Any CPU
		Release|Any CPU = Release|Any CPU
	EndGlobalSection
	GlobalSection(ProjectConfigurationPlatforms) = postSolution
		{F015ECC2-56E0-1693-6F63-2455C1948C90}.Debug|Any CPU.ActiveCfg = Debug|Any CPU
		{F015ECC2-56E0-1693-6F63-2455C1948C90}.Debug|Any CPU.Build.0 = Debug|Any CPU
		{F015ECC2-56E0-1693-6F63-2455C1948C90}.Release|Any CPU.ActiveCfg = Release|Any CPU
		{F015ECC2-56E0-1693-6F63-2455C1948C90}.Release|Any CPU.Build.0 = Release|Any CPU
	EndGlobalSection
	GlobalSection(SolutionProperties) = preSolution
		HideSolutionNode = FALSE
	EndGlobalSection
	GlobalSection(MonoDevelopProperties) = preSolution
		StartupItem = Assembly-CSharp.csproj
	EndGlobalSection
EndGlobal
